// !$*UTF8*$!
{
	archiveVersion = 1;
	classes = {
	};
	objectVersion = 46;
	objects = {

/* Begin PBXBuildFile section */
		E20084CA15A0FDF500705840 /* title@2x.png in Resources */ = {isa = PBXBuildFile; fileRef = E20084C915A0FDF500705840 /* title@2x.png */; };
		E20F6D6315A488B100F9FFAB /* maptoggle-hi@2x.png in Resources */ = {isa = PBXBuildFile; fileRef = E20F6D5F15A488B100F9FFAB /* maptoggle-hi@2x.png */; };
		E20F6D6415A488B100F9FFAB /* maptoggle@2x.png in Resources */ = {isa = PBXBuildFile; fileRef = E20F6D6015A488B100F9FFAB /* maptoggle@2x.png */; };
		E20F6D6515A488B100F9FFAB /* compass-hi@2x.png in Resources */ = {isa = PBXBuildFile; fileRef = E20F6D6115A488B100F9FFAB /* compass-hi@2x.png */; };
		E20F6D6615A488B100F9FFAB /* compass-on-hi@2x.png in Resources */ = {isa = PBXBuildFile; fileRef = E20F6D6215A488B100F9FFAB /* compass-on-hi@2x.png */; };
		E21EADBF15A0DD570011158E /* postbox-closed.png in Resources */ = {isa = PBXBuildFile; fileRef = E21EADBB15A0DD570011158E /* postbox-closed.png */; };
		E21EADC015A0DD570011158E /* postbox-closed@2x.png in Resources */ = {isa = PBXBuildFile; fileRef = E21EADBC15A0DD570011158E /* postbox-closed@2x.png */; };
		E21EADC115A0DD570011158E /* postbox-open.png in Resources */ = {isa = PBXBuildFile; fileRef = E21EADBD15A0DD570011158E /* postbox-open.png */; };
		E21EADC215A0DD570011158E /* postbox-open@2x.png in Resources */ = {isa = PBXBuildFile; fileRef = E21EADBE15A0DD570011158E /* postbox-open@2x.png */; };
		E21EADC515A0E3800011158E /* PostBoxAnnotationView.m in Sources */ = {isa = PBXBuildFile; fileRef = E21EADC415A0E37F0011158E /* PostBoxAnnotationView.m */; };
		E21EADC815A0F03F0011158E /* NSDate+Formatting.m in Sources */ = {isa = PBXBuildFile; fileRef = E21EADC715A0F03F0011158E /* NSDate+Formatting.m */; };
		E21EADCB15A0F08E0011158E /* NSDate+Extensions.m in Sources */ = {isa = PBXBuildFile; fileRef = E21EADCA15A0F08E0011158E /* NSDate+Extensions.m */; };
		E21EADCE15A0F72A0011158E /* NSDate+JSON.m in Sources */ = {isa = PBXBuildFile; fileRef = E21EADCD15A0F72A0011158E /* NSDate+JSON.m */; };
		E2254008159F102D00822F6F /* XMLReader.m in Sources */ = {isa = PBXBuildFile; fileRef = E2254007159F102D00822F6F /* XMLReader.m */; settings = {COMPILER_FLAGS = "-fno-objc-arc"; }; };
		E239FAF115A6307500C4C148 /* ClearanceCell.m in Sources */ = {isa = PBXBuildFile; fileRef = E239FAF015A6307500C4C148 /* ClearanceCell.m */; };
		E239FAFB15A635CB00C4C148 /* ButtonCell.m in Sources */ = {isa = PBXBuildFile; fileRef = E239FAFA15A635CB00C4C148 /* ButtonCell.m */; };
		E239FAFD15A63D0C00C4C148 /* detail-button@2x.png in Resources */ = {isa = PBXBuildFile; fileRef = E239FAFC15A63D0B00C4C148 /* detail-button@2x.png */; };
		E23C5F6D159F193E0061C5BF /* PostBox.m in Sources */ = {isa = PBXBuildFile; fileRef = E23C5F6C159F193E0061C5BF /* PostBox.m */; };
		E23C5F71159F1B740061C5BF /* PostBoxAnnotation.m in Sources */ = {isa = PBXBuildFile; fileRef = E23C5F70159F1B740061C5BF /* PostBoxAnnotation.m */; };
		E2404BCD15A6E3980019383E /* compass-hi.png in Resources */ = {isa = PBXBuildFile; fileRef = E2404BC115A6E3980019383E /* compass-hi.png */; };
		E2404BCE15A6E3980019383E /* compass-on-hi.png in Resources */ = {isa = PBXBuildFile; fileRef = E2404BC215A6E3980019383E /* compass-on-hi.png */; };
		E2404BCF15A6E3980019383E /* compass-on.png in Resources */ = {isa = PBXBuildFile; fileRef = E2404BC315A6E3980019383E /* compass-on.png */; };
		E2404BD015A6E3980019383E /* compass.png in Resources */ = {isa = PBXBuildFile; fileRef = E2404BC415A6E3980019383E /* compass.png */; };
		E2404BD115A6E3980019383E /* titlebg.png in Resources */ = {isa = PBXBuildFile; fileRef = E2404BC515A6E3980019383E /* titlebg.png */; };
		E2404BD215A6E3980019383E /* list-hi.png in Resources */ = {isa = PBXBuildFile; fileRef = E2404BC615A6E3980019383E /* list-hi.png */; };
		E2404BD315A6E3980019383E /* list.png in Resources */ = {isa = PBXBuildFile; fileRef = E2404BC715A6E3980019383E /* list.png */; };
		E2404BD415A6E3980019383E /* listbackground.png in Resources */ = {isa = PBXBuildFile; fileRef = E2404BC815A6E3980019383E /* listbackground.png */; };
		E2404BD515A6E3980019383E /* maptoggle-hi.png in Resources */ = {isa = PBXBuildFile; fileRef = E2404BC915A6E3980019383E /* maptoggle-hi.png */; };
		E2404BD615A6E3980019383E /* maptoggle.png in Resources */ = {isa = PBXBuildFile; fileRef = E2404BCA15A6E3980019383E /* maptoggle.png */; };
		E2404BD715A6E3980019383E /* title.png in Resources */ = {isa = PBXBuildFile; fileRef = E2404BCB15A6E3980019383E /* title.png */; };
		E2404BD815A6E3980019383E /* detail-button.png in Resources */ = {isa = PBXBuildFile; fileRef = E2404BCC15A6E3980019383E /* detail-button.png */; };
		E2404BDC15A6E7CD0019383E /* back.png in Resources */ = {isa = PBXBuildFile; fileRef = E2404BDA15A6E7CD0019383E /* back.png */; };
		E2404BDD15A6E7CD0019383E /* back@2x.png in Resources */ = {isa = PBXBuildFile; fileRef = E2404BDB15A6E7CD0019383E /* back@2x.png */; };
		E2404BE015A72B770019383E /* back-hi.png in Resources */ = {isa = PBXBuildFile; fileRef = E2404BDE15A72B770019383E /* back-hi.png */; };
		E2404BE115A72B770019383E /* back-hi@2x.png in Resources */ = {isa = PBXBuildFile; fileRef = E2404BDF15A72B770019383E /* back-hi@2x.png */; };
		E27B83CD15A31A8B0028E1AC /* titlebg@2x.png in Resources */ = {isa = PBXBuildFile; fileRef = E27B83CC15A31A8B0028E1AC /* titlebg@2x.png */; };
		E27B83D015A31F800028E1AC /* list@2x.png in Resources */ = {isa = PBXBuildFile; fileRef = E27B83CF15A31F800028E1AC /* list@2x.png */; };
		E27B83D215A3222C0028E1AC /* compass@2x.png in Resources */ = {isa = PBXBuildFile; fileRef = E27B83D115A3222C0028E1AC /* compass@2x.png */; };
		E27B83D415A3254F0028E1AC /* compass-on@2x.png in Resources */ = {isa = PBXBuildFile; fileRef = E27B83D315A3254F0028E1AC /* compass-on@2x.png */; };
		E27B83D615A34FF40028E1AC /* listbackground@2x.png in Resources */ = {isa = PBXBuildFile; fileRef = E27B83D515A34FF40028E1AC /* listbackground@2x.png */; };
		E27B83D815A383F60028E1AC /* list-hi@2x.png in Resources */ = {isa = PBXBuildFile; fileRef = E27B83D715A383F60028E1AC /* list-hi@2x.png */; };
		E280645C15A78AEC008549C0 /* postbox-closed-noshadow.png in Resources */ = {isa = PBXBuildFile; fileRef = E280645815A78AEC008549C0 /* postbox-closed-noshadow.png */; };
		E280645D15A78AEC008549C0 /* postbox-open-noshadow.png in Resources */ = {isa = PBXBuildFile; fileRef = E280645915A78AEC008549C0 /* postbox-open-noshadow.png */; };
		E280645E15A78AEC008549C0 /* postbox-closed-noshadow@2x.png in Resources */ = {isa = PBXBuildFile; fileRef = E280645A15A78AEC008549C0 /* postbox-closed-noshadow@2x.png */; };
		E280645F15A78AEC008549C0 /* postbox-open-noshadow@2x.png in Resources */ = {isa = PBXBuildFile; fileRef = E280645B15A78AEC008549C0 /* postbox-open-noshadow@2x.png */; };
		E280646315A7944C008549C0 /* postbox-hilite-noshadow.png in Resources */ = {isa = PBXBuildFile; fileRef = E280646115A7944C008549C0 /* postbox-hilite-noshadow.png */; };
		E280646415A7944C008549C0 /* postbox-hilite-noshadow@2x.png in Resources */ = {isa = PBXBuildFile; fileRef = E280646215A7944C008549C0 /* postbox-hilite-noshadow@2x.png */; };
		E286C3E3159DFEC900B3B429 /* IIViewDeckController.m in Sources */ = {isa = PBXBuildFile; fileRef = E286C3E0159DFEC900B3B429 /* IIViewDeckController.m */; };
		E286C3E4159DFEC900B3B429 /* WrapController.m in Sources */ = {isa = PBXBuildFile; fileRef = E286C3E2159DFEC900B3B429 /* WrapController.m */; };
		E286C3E8159DFEFC00B3B429 /* MapViewController.m in Sources */ = {isa = PBXBuildFile; fileRef = E286C3E6159DFEFC00B3B429 /* MapViewController.m */; };
		E286C3E9159DFEFC00B3B429 /* MapViewController.xib in Resources */ = {isa = PBXBuildFile; fileRef = E286C3E7159DFEFC00B3B429 /* MapViewController.xib */; };
		E286C3F0159DFF2A00B3B429 /* ListViewController.m in Sources */ = {isa = PBXBuildFile; fileRef = E286C3EE159DFF2A00B3B429 /* ListViewController.m */; };
		E286C3F1159DFF2A00B3B429 /* ListViewController.xib in Resources */ = {isa = PBXBuildFile; fileRef = E286C3EF159DFF2A00B3B429 /* ListViewController.xib */; };
		E286C3F6159E005100B3B429 /* PadViewController.m in Sources */ = {isa = PBXBuildFile; fileRef = E286C3F4159E005100B3B429 /* PadViewController.m */; };
		E286C3F7159E005100B3B429 /* PadViewController.xib in Resources */ = {isa = PBXBuildFile; fileRef = E286C3F5159E005100B3B429 /* PadViewController.xib */; };
		E286C3F9159E033800B3B429 /* CoreLocation.framework in Frameworks */ = {isa = PBXBuildFile; fileRef = E286C3F8159E033800B3B429 /* CoreLocation.framework */; };
		E286C3FB159E040900B3B429 /* MapKit.framework in Frameworks */ = {isa = PBXBuildFile; fileRef = E286C3FA159E040900B3B429 /* MapKit.framework */; };
		E286C3FF159E0A9600B3B429 /* MBProgressHUD.m in Sources */ = {isa = PBXBuildFile; fileRef = E286C3FE159E0A9600B3B429 /* MBProgressHUD.m */; settings = {COMPILER_FLAGS = "-fno-objc-arc"; }; };
		E286C403159E0ED900B3B429 /* BoxLocator.m in Sources */ = {isa = PBXBuildFile; fileRef = E286C402159E0ED900B3B429 /* BoxLocator.m */; };
		E286C407159E4D6C00B3B429 /* UIColor+Hex.m in Sources */ = {isa = PBXBuildFile; fileRef = E286C406159E4D6C00B3B429 /* UIColor+Hex.m */; };
		E286C445159EE71300B3B429 /* AFHTTPClient.m in Sources */ = {isa = PBXBuildFile; fileRef = E286C40D159EE71300B3B429 /* AFHTTPClient.m */; settings = {COMPILER_FLAGS = "-fno-objc-arc"; }; };
		E286C446159EE71300B3B429 /* AFHTTPRequestOperation.m in Sources */ = {isa = PBXBuildFile; fileRef = E286C40F159EE71300B3B429 /* AFHTTPRequestOperation.m */; settings = {COMPILER_FLAGS = "-fno-objc-arc"; }; };
		E286C447159EE71300B3B429 /* AFImageCache.m in Sources */ = {isa = PBXBuildFile; fileRef = E286C411159EE71300B3B429 /* AFImageCache.m */; settings = {COMPILER_FLAGS = "-fno-objc-arc"; }; };
		E286C448159EE71300B3B429 /* AFImageRequestOperation.m in Sources */ = {isa = PBXBuildFile; fileRef = E286C413159EE71300B3B429 /* AFImageRequestOperation.m */; settings = {COMPILER_FLAGS = "-fno-objc-arc"; }; };
		E286C449159EE71300B3B429 /* AFJSONRequestOperation.m in Sources */ = {isa = PBXBuildFile; fileRef = E286C415159EE71300B3B429 /* AFJSONRequestOperation.m */; settings = {COMPILER_FLAGS = "-fno-objc-arc"; }; };
		E286C44A159EE71300B3B429 /* AFNetworkActivityIndicatorManager.m in Sources */ = {isa = PBXBuildFile; fileRef = E286C418159EE71300B3B429 /* AFNetworkActivityIndicatorManager.m */; settings = {COMPILER_FLAGS = "-fno-objc-arc"; }; };
		E286C44B159EE71300B3B429 /* AFPropertyListRequestOperation.m in Sources */ = {isa = PBXBuildFile; fileRef = E286C41B159EE71300B3B429 /* AFPropertyListRequestOperation.m */; settings = {COMPILER_FLAGS = "-fno-objc-arc"; }; };
		E286C44C159EE71300B3B429 /* AFURLConnectionOperation.m in Sources */ = {isa = PBXBuildFile; fileRef = E286C41D159EE71300B3B429 /* AFURLConnectionOperation.m */; settings = {COMPILER_FLAGS = "-fno-objc-arc"; }; };
		E286C44D159EE71300B3B429 /* AFXMLRequestOperation.m in Sources */ = {isa = PBXBuildFile; fileRef = E286C41F159EE71300B3B429 /* AFXMLRequestOperation.m */; settings = {COMPILER_FLAGS = "-fno-objc-arc"; }; };
		E286C44E159EE71300B3B429 /* UIImageView+AFNetworking.m in Sources */ = {isa = PBXBuildFile; fileRef = E286C421159EE71300B3B429 /* UIImageView+AFNetworking.m */; settings = {COMPILER_FLAGS = "-fno-objc-arc"; }; };
		E286C44F159EE71300B3B429 /* NSArray+Coby.m in Sources */ = {isa = PBXBuildFile; fileRef = E286C425159EE71300B3B429 /* NSArray+Coby.m */; settings = {COMPILER_FLAGS = "-fno-objc-arc"; }; };
		E286C450159EE71300B3B429 /* NSDate+Coby.m in Sources */ = {isa = PBXBuildFile; fileRef = E286C427159EE71300B3B429 /* NSDate+Coby.m */; settings = {COMPILER_FLAGS = "-fno-objc-arc"; }; };
		E286C451159EE71300B3B429 /* NSDictionary+Coby.m in Sources */ = {isa = PBXBuildFile; fileRef = E286C429159EE71300B3B429 /* NSDictionary+Coby.m */; settings = {COMPILER_FLAGS = "-fno-objc-arc"; }; };
		E286C452159EE71300B3B429 /* NSObject+Coby.m in Sources */ = {isa = PBXBuildFile; fileRef = E286C42B159EE71300B3B429 /* NSObject+Coby.m */; settings = {COMPILER_FLAGS = "-fno-objc-arc"; }; };
		E286C453159EE71300B3B429 /* NSString+Coby.m in Sources */ = {isa = PBXBuildFile; fileRef = E286C42D159EE71300B3B429 /* NSString+Coby.m */; settings = {COMPILER_FLAGS = "-fno-objc-arc"; }; };
		E286C454159EE71300B3B429 /* libTestFlight.a in Frameworks */ = {isa = PBXBuildFile; fileRef = E286C42F159EE71300B3B429 /* libTestFlight.a */; };
		E286C455159EE71300B3B429 /* Tin+BasicAuthentication.m in Sources */ = {isa = PBXBuildFile; fileRef = E286C434159EE71300B3B429 /* Tin+BasicAuthentication.m */; settings = {COMPILER_FLAGS = "-fno-objc-arc"; }; };
		E286C456159EE71300B3B429 /* Tin+Extensions.m in Sources */ = {isa = PBXBuildFile; fileRef = E286C436159EE71300B3B429 /* Tin+Extensions.m */; settings = {COMPILER_FLAGS = "-fno-objc-arc"; }; };
		E286C457159EE71300B3B429 /* Tin+OAuth.m in Sources */ = {isa = PBXBuildFile; fileRef = E286C438159EE71300B3B429 /* Tin+OAuth.m */; settings = {COMPILER_FLAGS = "-fno-objc-arc"; }; };
		E286C458159EE71300B3B429 /* TinBasicAuthenticator.m in Sources */ = {isa = PBXBuildFile; fileRef = E286C43A159EE71300B3B429 /* TinBasicAuthenticator.m */; settings = {COMPILER_FLAGS = "-fno-objc-arc"; }; };
		E286C459159EE71300B3B429 /* TinFile.m in Sources */ = {isa = PBXBuildFile; fileRef = E286C43C159EE71300B3B429 /* TinFile.m */; settings = {COMPILER_FLAGS = "-fno-objc-arc"; }; };
		E286C45A159EE71300B3B429 /* TinOAuthAccessTokenAuthenticator.m in Sources */ = {isa = PBXBuildFile; fileRef = E286C43E159EE71300B3B429 /* TinOAuthAccessTokenAuthenticator.m */; settings = {COMPILER_FLAGS = "-fno-objc-arc"; }; };
		E286C45B159EE71300B3B429 /* TinOAuthAuthenticator.m in Sources */ = {isa = PBXBuildFile; fileRef = E286C440159EE71300B3B429 /* TinOAuthAuthenticator.m */; settings = {COMPILER_FLAGS = "-fno-objc-arc"; }; };
		E286C45C159EE71300B3B429 /* TinResponse.m in Sources */ = {isa = PBXBuildFile; fileRef = E286C442159EE71300B3B429 /* TinResponse.m */; settings = {COMPILER_FLAGS = "-fno-objc-arc"; }; };
		E286C45D159EE71300B3B429 /* Tin.m in Sources */ = {isa = PBXBuildFile; fileRef = E286C444159EE71300B3B429 /* Tin.m */; settings = {COMPILER_FLAGS = "-fno-objc-arc"; }; };
		E28C618115A1DC5000328B51 /* UITableViewCell+AutoDequeue.m in Sources */ = {isa = PBXBuildFile; fileRef = E28C618015A1DC5000328B51 /* UITableViewCell+AutoDequeue.m */; };
		E28C618515A1EBD400328B51 /* PostBoxCell.m in Sources */ = {isa = PBXBuildFile; fileRef = E28C618415A1EBD400328B51 /* PostBoxCell.m */; };
		E28C618715A1EEC500328B51 /* QuartzCore.framework in Frameworks */ = {isa = PBXBuildFile; fileRef = E28C618615A1EEC500328B51 /* QuartzCore.framework */; };
		E297987215A5BDF200E72EBE /* DetailViewController.m in Sources */ = {isa = PBXBuildFile; fileRef = E297987015A5BDF200E72EBE /* DetailViewController.m */; };
		E297987315A5BDF200E72EBE /* DetailViewController.xib in Resources */ = {isa = PBXBuildFile; fileRef = E297987115A5BDF200E72EBE /* DetailViewController.xib */; };
		E2DCFD94159D02F1001098E4 /* UIKit.framework in Frameworks */ = {isa = PBXBuildFile; fileRef = E2DCFD93159D02F1001098E4 /* UIKit.framework */; };
		E2DCFD96159D02F1001098E4 /* Foundation.framework in Frameworks */ = {isa = PBXBuildFile; fileRef = E2DCFD95159D02F1001098E4 /* Foundation.framework */; };
		E2DCFD98159D02F1001098E4 /* CoreGraphics.framework in Frameworks */ = {isa = PBXBuildFile; fileRef = E2DCFD97159D02F1001098E4 /* CoreGraphics.framework */; };
		E2DCFD9E159D02F1001098E4 /* InfoPlist.strings in Resources */ = {isa = PBXBuildFile; fileRef = E2DCFD9C159D02F1001098E4 /* InfoPlist.strings */; };
		E2DCFDA0159D02F1001098E4 /* main.m in Sources */ = {isa = PBXBuildFile; fileRef = E2DCFD9F159D02F1001098E4 /* main.m */; };
		E2DCFDA4159D02F1001098E4 /* AppDelegate.m in Sources */ = {isa = PBXBuildFile; fileRef = E2DCFDA3159D02F1001098E4 /* AppDelegate.m */; };
		E2E6749A15A3978B00F8654A /* Icon.png in Resources */ = {isa = PBXBuildFile; fileRef = E2E6749915A3978B00F8654A /* Icon.png */; };
		E2E6749C15A3979100F8654A /* Icon@2x.png in Resources */ = {isa = PBXBuildFile; fileRef = E2E6749B15A3979100F8654A /* Icon@2x.png */; };
		E2E6749E15A3979900F8654A /* Icon-72.png in Resources */ = {isa = PBXBuildFile; fileRef = E2E6749D15A3979900F8654A /* Icon-72.png */; };
		E2E674A015A3979B00F8654A /* Icon-72@2x.png in Resources */ = {isa = PBXBuildFile; fileRef = E2E6749F15A3979B00F8654A /* Icon-72@2x.png */; };
		E2E674A215A39A1300F8654A /* Default-Landscape@2x~ipad.png in Resources */ = {isa = PBXBuildFile; fileRef = E2E674A115A39A1300F8654A /* Default-Landscape@2x~ipad.png */; };
		E2E674A415A39A1700F8654A /* Default-Landscape~ipad.png in Resources */ = {isa = PBXBuildFile; fileRef = E2E674A315A39A1700F8654A /* Default-Landscape~ipad.png */; };
		E2E674A615A39C0E00F8654A /* Default.png in Resources */ = {isa = PBXBuildFile; fileRef = E2E674A515A39C0E00F8654A /* Default.png */; };
		E2E674A815A39C1000F8654A /* Default@2x.png in Resources */ = {isa = PBXBuildFile; fileRef = E2E674A715A39C1000F8654A /* Default@2x.png */; };
		E2E674AC15A3A1CD00F8654A /* libz.dylib in Frameworks */ = {isa = PBXBuildFile; fileRef = E2E674AB15A3A1CD00F8654A /* libz.dylib */; };
/* End PBXBuildFile section */

/* Begin PBXFileReference section */
		E20084C915A0FDF500705840 /* title@2x.png */ = {isa = PBXFileReference; lastKnownFileType = image.png; path = "title@2x.png"; sourceTree = "<group>"; };
		E20084D015A1D4CE00705840 /* BoxMapDelegate.h */ = {isa = PBXFileReference; lastKnownFileType = sourcecode.c.h; path = BoxMapDelegate.h; sourceTree = "<group>"; };
		E20F6D5C15A46ADA00F9FFAB /* RK_gpx+_2012-01-30_1055PM.gpx */ = {isa = PBXFileReference; fileEncoding = 4; lastKnownFileType = text.xml; path = "RK_gpx+_2012-01-30_1055PM.gpx"; sourceTree = "<group>"; };
		E20F6D5F15A488B100F9FFAB /* maptoggle-hi@2x.png */ = {isa = PBXFileReference; lastKnownFileType = image.png; path = "maptoggle-hi@2x.png"; sourceTree = "<group>"; };
		E20F6D6015A488B100F9FFAB /* maptoggle@2x.png */ = {isa = PBXFileReference; lastKnownFileType = image.png; path = "maptoggle@2x.png"; sourceTree = "<group>"; };
		E20F6D6115A488B100F9FFAB /* compass-hi@2x.png */ = {isa = PBXFileReference; lastKnownFileType = image.png; path = "compass-hi@2x.png"; sourceTree = "<group>"; };
		E20F6D6215A488B100F9FFAB /* compass-on-hi@2x.png */ = {isa = PBXFileReference; lastKnownFileType = image.png; path = "compass-on-hi@2x.png"; sourceTree = "<group>"; };
		E21EADBB15A0DD570011158E /* postbox-closed.png */ = {isa = PBXFileReference; lastKnownFileType = image.png; path = "postbox-closed.png"; sourceTree = "<group>"; };
		E21EADBC15A0DD570011158E /* postbox-closed@2x.png */ = {isa = PBXFileReference; lastKnownFileType = image.png; path = "postbox-closed@2x.png"; sourceTree = "<group>"; };
		E21EADBD15A0DD570011158E /* postbox-open.png */ = {isa = PBXFileReference; lastKnownFileType = image.png; path = "postbox-open.png"; sourceTree = "<group>"; };
		E21EADBE15A0DD570011158E /* postbox-open@2x.png */ = {isa = PBXFileReference; lastKnownFileType = image.png; path = "postbox-open@2x.png"; sourceTree = "<group>"; };
		E21EADC315A0E37F0011158E /* PostBoxAnnotationView.h */ = {isa = PBXFileReference; fileEncoding = 4; lastKnownFileType = sourcecode.c.h; path = PostBoxAnnotationView.h; sourceTree = "<group>"; };
		E21EADC415A0E37F0011158E /* PostBoxAnnotationView.m */ = {isa = PBXFileReference; fileEncoding = 4; lastKnownFileType = sourcecode.c.objc; path = PostBoxAnnotationView.m; sourceTree = "<group>"; };
		E21EADC615A0F03F0011158E /* NSDate+Formatting.h */ = {isa = PBXFileReference; fileEncoding = 4; lastKnownFileType = sourcecode.c.h; path = "NSDate+Formatting.h"; sourceTree = "<group>"; };
		E21EADC715A0F03F0011158E /* NSDate+Formatting.m */ = {isa = PBXFileReference; fileEncoding = 4; lastKnownFileType = sourcecode.c.objc; path = "NSDate+Formatting.m"; sourceTree = "<group>"; };
		E21EADC915A0F08E0011158E /* NSDate+Extensions.h */ = {isa = PBXFileReference; fileEncoding = 4; lastKnownFileType = sourcecode.c.h; path = "NSDate+Extensions.h"; sourceTree = "<group>"; };
		E21EADCA15A0F08E0011158E /* NSDate+Extensions.m */ = {isa = PBXFileReference; fileEncoding = 4; lastKnownFileType = sourcecode.c.objc; path = "NSDate+Extensions.m"; sourceTree = "<group>"; };
		E21EADCC15A0F72A0011158E /* NSDate+JSON.h */ = {isa = PBXFileReference; fileEncoding = 4; lastKnownFileType = sourcecode.c.h; path = "NSDate+JSON.h"; sourceTree = "<group>"; };
		E21EADCD15A0F72A0011158E /* NSDate+JSON.m */ = {isa = PBXFileReference; fileEncoding = 4; lastKnownFileType = sourcecode.c.objc; path = "NSDate+JSON.m"; sourceTree = "<group>"; };
		E2254006159F102D00822F6F /* XMLReader.h */ = {isa = PBXFileReference; fileEncoding = 4; lastKnownFileType = sourcecode.c.h; path = XMLReader.h; sourceTree = "<group>"; };
		E2254007159F102D00822F6F /* XMLReader.m */ = {isa = PBXFileReference; fileEncoding = 4; lastKnownFileType = sourcecode.c.objc; path = XMLReader.m; sourceTree = "<group>"; };
		E239FAEF15A6307500C4C148 /* ClearanceCell.h */ = {isa = PBXFileReference; fileEncoding = 4; lastKnownFileType = sourcecode.c.h; path = ClearanceCell.h; sourceTree = "<group>"; };
		E239FAF015A6307500C4C148 /* ClearanceCell.m */ = {isa = PBXFileReference; fileEncoding = 4; lastKnownFileType = sourcecode.c.objc; path = ClearanceCell.m; sourceTree = "<group>"; };
		E239FAF915A635CB00C4C148 /* ButtonCell.h */ = {isa = PBXFileReference; fileEncoding = 4; lastKnownFileType = sourcecode.c.h; path = ButtonCell.h; sourceTree = "<group>"; };
		E239FAFA15A635CB00C4C148 /* ButtonCell.m */ = {isa = PBXFileReference; fileEncoding = 4; lastKnownFileType = sourcecode.c.objc; path = ButtonCell.m; sourceTree = "<group>"; };
		E239FAFC15A63D0B00C4C148 /* detail-button@2x.png */ = {isa = PBXFileReference; lastKnownFileType = image.png; path = "detail-button@2x.png"; sourceTree = "<group>"; };
		E23C5F6B159F193E0061C5BF /* PostBox.h */ = {isa = PBXFileReference; fileEncoding = 4; lastKnownFileType = sourcecode.c.h; path = PostBox.h; sourceTree = "<group>"; };
		E23C5F6C159F193E0061C5BF /* PostBox.m */ = {isa = PBXFileReference; fileEncoding = 4; lastKnownFileType = sourcecode.c.objc; path = PostBox.m; sourceTree = "<group>"; };
		E23C5F6F159F1B740061C5BF /* PostBoxAnnotation.h */ = {isa = PBXFileReference; fileEncoding = 4; lastKnownFileType = sourcecode.c.h; path = PostBoxAnnotation.h; sourceTree = "<group>"; };
		E23C5F70159F1B740061C5BF /* PostBoxAnnotation.m */ = {isa = PBXFileReference; fileEncoding = 4; lastKnownFileType = sourcecode.c.objc; path = PostBoxAnnotation.m; sourceTree = "<group>"; };
		E2404BC115A6E3980019383E /* compass-hi.png */ = {isa = PBXFileReference; lastKnownFileType = image.png; path = "compass-hi.png"; sourceTree = "<group>"; };
		E2404BC215A6E3980019383E /* compass-on-hi.png */ = {isa = PBXFileReference; lastKnownFileType = image.png; path = "compass-on-hi.png"; sourceTree = "<group>"; };
		E2404BC315A6E3980019383E /* compass-on.png */ = {isa = PBXFileReference; lastKnownFileType = image.png; path = "compass-on.png"; sourceTree = "<group>"; };
		E2404BC415A6E3980019383E /* compass.png */ = {isa = PBXFileReference; lastKnownFileType = image.png; path = compass.png; sourceTree = "<group>"; };
		E2404BC515A6E3980019383E /* titlebg.png */ = {isa = PBXFileReference; lastKnownFileType = image.png; path = titlebg.png; sourceTree = "<group>"; };
		E2404BC615A6E3980019383E /* list-hi.png */ = {isa = PBXFileReference; lastKnownFileType = image.png; path = "list-hi.png"; sourceTree = "<group>"; };
		E2404BC715A6E3980019383E /* list.png */ = {isa = PBXFileReference; lastKnownFileType = image.png; path = list.png; sourceTree = "<group>"; };
		E2404BC815A6E3980019383E /* listbackground.png */ = {isa = PBXFileReference; lastKnownFileType = image.png; path = listbackground.png; sourceTree = "<group>"; };
		E2404BC915A6E3980019383E /* maptoggle-hi.png */ = {isa = PBXFileReference; lastKnownFileType = image.png; path = "maptoggle-hi.png"; sourceTree = "<group>"; };
		E2404BCA15A6E3980019383E /* maptoggle.png */ = {isa = PBXFileReference; lastKnownFileType = image.png; path = maptoggle.png; sourceTree = "<group>"; };
		E2404BCB15A6E3980019383E /* title.png */ = {isa = PBXFileReference; lastKnownFileType = image.png; path = title.png; sourceTree = "<group>"; };
		E2404BCC15A6E3980019383E /* detail-button.png */ = {isa = PBXFileReference; lastKnownFileType = image.png; path = "detail-button.png"; sourceTree = "<group>"; };
		E2404BDA15A6E7CD0019383E /* back.png */ = {isa = PBXFileReference; lastKnownFileType = image.png; path = back.png; sourceTree = "<group>"; };
		E2404BDB15A6E7CD0019383E /* back@2x.png */ = {isa = PBXFileReference; lastKnownFileType = image.png; path = "back@2x.png"; sourceTree = "<group>"; };
		E2404BDE15A72B770019383E /* back-hi.png */ = {isa = PBXFileReference; lastKnownFileType = image.png; path = "back-hi.png"; sourceTree = "<group>"; };
		E2404BDF15A72B770019383E /* back-hi@2x.png */ = {isa = PBXFileReference; lastKnownFileType = image.png; path = "back-hi@2x.png"; sourceTree = "<group>"; };
		E27B83CC15A31A8B0028E1AC /* titlebg@2x.png */ = {isa = PBXFileReference; lastKnownFileType = image.png; path = "titlebg@2x.png"; sourceTree = "<group>"; };
		E27B83CF15A31F800028E1AC /* list@2x.png */ = {isa = PBXFileReference; lastKnownFileType = image.png; path = "list@2x.png"; sourceTree = "<group>"; };
		E27B83D115A3222C0028E1AC /* compass@2x.png */ = {isa = PBXFileReference; lastKnownFileType = image.png; path = "compass@2x.png"; sourceTree = "<group>"; };
		E27B83D315A3254F0028E1AC /* compass-on@2x.png */ = {isa = PBXFileReference; lastKnownFileType = image.png; path = "compass-on@2x.png"; sourceTree = "<group>"; };
		E27B83D515A34FF40028E1AC /* listbackground@2x.png */ = {isa = PBXFileReference; lastKnownFileType = image.png; path = "listbackground@2x.png"; sourceTree = "<group>"; };
		E27B83D715A383F60028E1AC /* list-hi@2x.png */ = {isa = PBXFileReference; lastKnownFileType = image.png; path = "list-hi@2x.png"; sourceTree = "<group>"; };
		E280645815A78AEC008549C0 /* postbox-closed-noshadow.png */ = {isa = PBXFileReference; lastKnownFileType = image.png; path = "postbox-closed-noshadow.png"; sourceTree = "<group>"; };
		E280645915A78AEC008549C0 /* postbox-open-noshadow.png */ = {isa = PBXFileReference; lastKnownFileType = image.png; path = "postbox-open-noshadow.png"; sourceTree = "<group>"; };
		E280645A15A78AEC008549C0 /* postbox-closed-noshadow@2x.png */ = {isa = PBXFileReference; lastKnownFileType = image.png; path = "postbox-closed-noshadow@2x.png"; sourceTree = "<group>"; };
		E280645B15A78AEC008549C0 /* postbox-open-noshadow@2x.png */ = {isa = PBXFileReference; lastKnownFileType = image.png; path = "postbox-open-noshadow@2x.png"; sourceTree = "<group>"; };
		E280646115A7944C008549C0 /* postbox-hilite-noshadow.png */ = {isa = PBXFileReference; lastKnownFileType = image.png; path = "postbox-hilite-noshadow.png"; sourceTree = "<group>"; };
		E280646215A7944C008549C0 /* postbox-hilite-noshadow@2x.png */ = {isa = PBXFileReference; lastKnownFileType = image.png; path = "postbox-hilite-noshadow@2x.png"; sourceTree = "<group>"; };
		E286C3DF159DFEC900B3B429 /* IIViewDeckController.h */ = {isa = PBXFileReference; fileEncoding = 4; lastKnownFileType = sourcecode.c.h; path = IIViewDeckController.h; sourceTree = "<group>"; };
		E286C3E0159DFEC900B3B429 /* IIViewDeckController.m */ = {isa = PBXFileReference; fileEncoding = 4; lastKnownFileType = sourcecode.c.objc; path = IIViewDeckController.m; sourceTree = "<group>"; };
		E286C3E1159DFEC900B3B429 /* WrapController.h */ = {isa = PBXFileReference; fileEncoding = 4; lastKnownFileType = sourcecode.c.h; path = WrapController.h; sourceTree = "<group>"; };
		E286C3E2159DFEC900B3B429 /* WrapController.m */ = {isa = PBXFileReference; fileEncoding = 4; lastKnownFileType = sourcecode.c.objc; path = WrapController.m; sourceTree = "<group>"; };
		E286C3E5159DFEFC00B3B429 /* MapViewController.h */ = {isa = PBXFileReference; fileEncoding = 4; lastKnownFileType = sourcecode.c.h; name = MapViewController.h; path = Boxlox/MapViewController.h; sourceTree = SOURCE_ROOT; };
		E286C3E6159DFEFC00B3B429 /* MapViewController.m */ = {isa = PBXFileReference; fileEncoding = 4; lastKnownFileType = sourcecode.c.objc; name = MapViewController.m; path = Boxlox/MapViewController.m; sourceTree = SOURCE_ROOT; };
		E286C3E7159DFEFC00B3B429 /* MapViewController.xib */ = {isa = PBXFileReference; fileEncoding = 4; lastKnownFileType = file.xib; name = MapViewController.xib; path = Boxlox/MapViewController.xib; sourceTree = SOURCE_ROOT; };
		E286C3ED159DFF2A00B3B429 /* ListViewController.h */ = {isa = PBXFileReference; fileEncoding = 4; lastKnownFileType = sourcecode.c.h; path = ListViewController.h; sourceTree = "<group>"; };
		E286C3EE159DFF2A00B3B429 /* ListViewController.m */ = {isa = PBXFileReference; fileEncoding = 4; lastKnownFileType = sourcecode.c.objc; path = ListViewController.m; sourceTree = "<group>"; };
		E286C3EF159DFF2A00B3B429 /* ListViewController.xib */ = {isa = PBXFileReference; fileEncoding = 4; lastKnownFileType = file.xib; path = ListViewController.xib; sourceTree = "<group>"; };
		E286C3F2159DFF5F00B3B429 /* CommonMacros.h */ = {isa = PBXFileReference; fileEncoding = 4; lastKnownFileType = sourcecode.c.h; path = CommonMacros.h; sourceTree = "<group>"; };
		E286C3F3159E005100B3B429 /* PadViewController.h */ = {isa = PBXFileReference; fileEncoding = 4; lastKnownFileType = sourcecode.c.h; path = PadViewController.h; sourceTree = "<group>"; };
		E286C3F4159E005100B3B429 /* PadViewController.m */ = {isa = PBXFileReference; fileEncoding = 4; lastKnownFileType = sourcecode.c.objc; path = PadViewController.m; sourceTree = "<group>"; };
		E286C3F5159E005100B3B429 /* PadViewController.xib */ = {isa = PBXFileReference; fileEncoding = 4; lastKnownFileType = file.xib; path = PadViewController.xib; sourceTree = "<group>"; };
		E286C3F8159E033800B3B429 /* CoreLocation.framework */ = {isa = PBXFileReference; lastKnownFileType = wrapper.framework; name = CoreLocation.framework; path = System/Library/Frameworks/CoreLocation.framework; sourceTree = SDKROOT; };
		E286C3FA159E040900B3B429 /* MapKit.framework */ = {isa = PBXFileReference; lastKnownFileType = wrapper.framework; name = MapKit.framework; path = System/Library/Frameworks/MapKit.framework; sourceTree = SDKROOT; };
		E286C3FD159E0A9600B3B429 /* MBProgressHUD.h */ = {isa = PBXFileReference; fileEncoding = 4; lastKnownFileType = sourcecode.c.h; path = MBProgressHUD.h; sourceTree = "<group>"; };
		E286C3FE159E0A9600B3B429 /* MBProgressHUD.m */ = {isa = PBXFileReference; fileEncoding = 4; lastKnownFileType = sourcecode.c.objc; path = MBProgressHUD.m; sourceTree = "<group>"; };
		E286C401159E0ED900B3B429 /* BoxLocator.h */ = {isa = PBXFileReference; fileEncoding = 4; lastKnownFileType = sourcecode.c.h; path = BoxLocator.h; sourceTree = "<group>"; };
		E286C402159E0ED900B3B429 /* BoxLocator.m */ = {isa = PBXFileReference; fileEncoding = 4; lastKnownFileType = sourcecode.c.objc; path = BoxLocator.m; sourceTree = "<group>"; };
		E286C405159E4D6C00B3B429 /* UIColor+Hex.h */ = {isa = PBXFileReference; fileEncoding = 4; lastKnownFileType = sourcecode.c.h; path = "UIColor+Hex.h"; sourceTree = "<group>"; };
		E286C406159E4D6C00B3B429 /* UIColor+Hex.m */ = {isa = PBXFileReference; fileEncoding = 4; lastKnownFileType = sourcecode.c.objc; path = "UIColor+Hex.m"; sourceTree = "<group>"; };
		E286C40C159EE71300B3B429 /* AFHTTPClient.h */ = {isa = PBXFileReference; fileEncoding = 4; lastKnownFileType = sourcecode.c.h; path = AFHTTPClient.h; sourceTree = "<group>"; };
		E286C40D159EE71300B3B429 /* AFHTTPClient.m */ = {isa = PBXFileReference; fileEncoding = 4; lastKnownFileType = sourcecode.c.objc; path = AFHTTPClient.m; sourceTree = "<group>"; };
		E286C40E159EE71300B3B429 /* AFHTTPRequestOperation.h */ = {isa = PBXFileReference; fileEncoding = 4; lastKnownFileType = sourcecode.c.h; path = AFHTTPRequestOperation.h; sourceTree = "<group>"; };
		E286C40F159EE71300B3B429 /* AFHTTPRequestOperation.m */ = {isa = PBXFileReference; fileEncoding = 4; lastKnownFileType = sourcecode.c.objc; path = AFHTTPRequestOperation.m; sourceTree = "<group>"; };
		E286C410159EE71300B3B429 /* AFImageCache.h */ = {isa = PBXFileReference; fileEncoding = 4; lastKnownFileType = sourcecode.c.h; path = AFImageCache.h; sourceTree = "<group>"; };
		E286C411159EE71300B3B429 /* AFImageCache.m */ = {isa = PBXFileReference; fileEncoding = 4; lastKnownFileType = sourcecode.c.objc; path = AFImageCache.m; sourceTree = "<group>"; };
		E286C412159EE71300B3B429 /* AFImageRequestOperation.h */ = {isa = PBXFileReference; fileEncoding = 4; lastKnownFileType = sourcecode.c.h; path = AFImageRequestOperation.h; sourceTree = "<group>"; };
		E286C413159EE71300B3B429 /* AFImageRequestOperation.m */ = {isa = PBXFileReference; fileEncoding = 4; lastKnownFileType = sourcecode.c.objc; path = AFImageRequestOperation.m; sourceTree = "<group>"; };
		E286C414159EE71300B3B429 /* AFJSONRequestOperation.h */ = {isa = PBXFileReference; fileEncoding = 4; lastKnownFileType = sourcecode.c.h; path = AFJSONRequestOperation.h; sourceTree = "<group>"; };
		E286C415159EE71300B3B429 /* AFJSONRequestOperation.m */ = {isa = PBXFileReference; fileEncoding = 4; lastKnownFileType = sourcecode.c.objc; path = AFJSONRequestOperation.m; sourceTree = "<group>"; };
		E286C416159EE71300B3B429 /* AFJSONUtilities.h */ = {isa = PBXFileReference; fileEncoding = 4; lastKnownFileType = sourcecode.c.h; path = AFJSONUtilities.h; sourceTree = "<group>"; };
		E286C417159EE71300B3B429 /* AFNetworkActivityIndicatorManager.h */ = {isa = PBXFileReference; fileEncoding = 4; lastKnownFileType = sourcecode.c.h; path = AFNetworkActivityIndicatorManager.h; sourceTree = "<group>"; };
		E286C418159EE71300B3B429 /* AFNetworkActivityIndicatorManager.m */ = {isa = PBXFileReference; fileEncoding = 4; lastKnownFileType = sourcecode.c.objc; path = AFNetworkActivityIndicatorManager.m; sourceTree = "<group>"; };
		E286C419159EE71300B3B429 /* AFNetworking.h */ = {isa = PBXFileReference; fileEncoding = 4; lastKnownFileType = sourcecode.c.h; path = AFNetworking.h; sourceTree = "<group>"; };
		E286C41A159EE71300B3B429 /* AFPropertyListRequestOperation.h */ = {isa = PBXFileReference; fileEncoding = 4; lastKnownFileType = sourcecode.c.h; path = AFPropertyListRequestOperation.h; sourceTree = "<group>"; };
		E286C41B159EE71300B3B429 /* AFPropertyListRequestOperation.m */ = {isa = PBXFileReference; fileEncoding = 4; lastKnownFileType = sourcecode.c.objc; path = AFPropertyListRequestOperation.m; sourceTree = "<group>"; };
		E286C41C159EE71300B3B429 /* AFURLConnectionOperation.h */ = {isa = PBXFileReference; fileEncoding = 4; lastKnownFileType = sourcecode.c.h; path = AFURLConnectionOperation.h; sourceTree = "<group>"; };
		E286C41D159EE71300B3B429 /* AFURLConnectionOperation.m */ = {isa = PBXFileReference; fileEncoding = 4; lastKnownFileType = sourcecode.c.objc; path = AFURLConnectionOperation.m; sourceTree = "<group>"; };
		E286C41E159EE71300B3B429 /* AFXMLRequestOperation.h */ = {isa = PBXFileReference; fileEncoding = 4; lastKnownFileType = sourcecode.c.h; path = AFXMLRequestOperation.h; sourceTree = "<group>"; };
		E286C41F159EE71300B3B429 /* AFXMLRequestOperation.m */ = {isa = PBXFileReference; fileEncoding = 4; lastKnownFileType = sourcecode.c.objc; path = AFXMLRequestOperation.m; sourceTree = "<group>"; };
		E286C420159EE71300B3B429 /* UIImageView+AFNetworking.h */ = {isa = PBXFileReference; fileEncoding = 4; lastKnownFileType = sourcecode.c.h; path = "UIImageView+AFNetworking.h"; sourceTree = "<group>"; };
		E286C421159EE71300B3B429 /* UIImageView+AFNetworking.m */ = {isa = PBXFileReference; fileEncoding = 4; lastKnownFileType = sourcecode.c.objc; path = "UIImageView+AFNetworking.m"; sourceTree = "<group>"; };
		E286C423159EE71300B3B429 /* Coby.h */ = {isa = PBXFileReference; fileEncoding = 4; lastKnownFileType = sourcecode.c.h; path = Coby.h; sourceTree = "<group>"; };
		E286C424159EE71300B3B429 /* NSArray+Coby.h */ = {isa = PBXFileReference; fileEncoding = 4; lastKnownFileType = sourcecode.c.h; path = "NSArray+Coby.h"; sourceTree = "<group>"; };
		E286C425159EE71300B3B429 /* NSArray+Coby.m */ = {isa = PBXFileReference; fileEncoding = 4; lastKnownFileType = sourcecode.c.objc; path = "NSArray+Coby.m"; sourceTree = "<group>"; };
		E286C426159EE71300B3B429 /* NSDate+Coby.h */ = {isa = PBXFileReference; fileEncoding = 4; lastKnownFileType = sourcecode.c.h; path = "NSDate+Coby.h"; sourceTree = "<group>"; };
		E286C427159EE71300B3B429 /* NSDate+Coby.m */ = {isa = PBXFileReference; fileEncoding = 4; lastKnownFileType = sourcecode.c.objc; path = "NSDate+Coby.m"; sourceTree = "<group>"; };
		E286C428159EE71300B3B429 /* NSDictionary+Coby.h */ = {isa = PBXFileReference; fileEncoding = 4; lastKnownFileType = sourcecode.c.h; path = "NSDictionary+Coby.h"; sourceTree = "<group>"; };
		E286C429159EE71300B3B429 /* NSDictionary+Coby.m */ = {isa = PBXFileReference; fileEncoding = 4; lastKnownFileType = sourcecode.c.objc; path = "NSDictionary+Coby.m"; sourceTree = "<group>"; };
		E286C42A159EE71300B3B429 /* NSObject+Coby.h */ = {isa = PBXFileReference; fileEncoding = 4; lastKnownFileType = sourcecode.c.h; path = "NSObject+Coby.h"; sourceTree = "<group>"; };
		E286C42B159EE71300B3B429 /* NSObject+Coby.m */ = {isa = PBXFileReference; fileEncoding = 4; lastKnownFileType = sourcecode.c.objc; path = "NSObject+Coby.m"; sourceTree = "<group>"; };
		E286C42C159EE71300B3B429 /* NSString+Coby.h */ = {isa = PBXFileReference; fileEncoding = 4; lastKnownFileType = sourcecode.c.h; path = "NSString+Coby.h"; sourceTree = "<group>"; };
		E286C42D159EE71300B3B429 /* NSString+Coby.m */ = {isa = PBXFileReference; fileEncoding = 4; lastKnownFileType = sourcecode.c.objc; path = "NSString+Coby.m"; sourceTree = "<group>"; };
		E286C42F159EE71300B3B429 /* libTestFlight.a */ = {isa = PBXFileReference; lastKnownFileType = archive.ar; path = libTestFlight.a; sourceTree = "<group>"; };
		E286C430159EE71300B3B429 /* TestFlight.h */ = {isa = PBXFileReference; fileEncoding = 4; lastKnownFileType = sourcecode.c.h; path = TestFlight.h; sourceTree = "<group>"; };
		E286C433159EE71300B3B429 /* Tin+BasicAuthentication.h */ = {isa = PBXFileReference; fileEncoding = 4; lastKnownFileType = sourcecode.c.h; path = "Tin+BasicAuthentication.h"; sourceTree = "<group>"; };
		E286C434159EE71300B3B429 /* Tin+BasicAuthentication.m */ = {isa = PBXFileReference; fileEncoding = 4; lastKnownFileType = sourcecode.c.objc; path = "Tin+BasicAuthentication.m"; sourceTree = "<group>"; };
		E286C435159EE71300B3B429 /* Tin+Extensions.h */ = {isa = PBXFileReference; fileEncoding = 4; lastKnownFileType = sourcecode.c.h; path = "Tin+Extensions.h"; sourceTree = "<group>"; };
		E286C436159EE71300B3B429 /* Tin+Extensions.m */ = {isa = PBXFileReference; fileEncoding = 4; lastKnownFileType = sourcecode.c.objc; path = "Tin+Extensions.m"; sourceTree = "<group>"; };
		E286C437159EE71300B3B429 /* Tin+OAuth.h */ = {isa = PBXFileReference; fileEncoding = 4; lastKnownFileType = sourcecode.c.h; path = "Tin+OAuth.h"; sourceTree = "<group>"; };
		E286C438159EE71300B3B429 /* Tin+OAuth.m */ = {isa = PBXFileReference; fileEncoding = 4; lastKnownFileType = sourcecode.c.objc; path = "Tin+OAuth.m"; sourceTree = "<group>"; };
		E286C439159EE71300B3B429 /* TinBasicAuthenticator.h */ = {isa = PBXFileReference; fileEncoding = 4; lastKnownFileType = sourcecode.c.h; path = TinBasicAuthenticator.h; sourceTree = "<group>"; };
		E286C43A159EE71300B3B429 /* TinBasicAuthenticator.m */ = {isa = PBXFileReference; fileEncoding = 4; lastKnownFileType = sourcecode.c.objc; path = TinBasicAuthenticator.m; sourceTree = "<group>"; };
		E286C43B159EE71300B3B429 /* TinFile.h */ = {isa = PBXFileReference; fileEncoding = 4; lastKnownFileType = sourcecode.c.h; path = TinFile.h; sourceTree = "<group>"; };
		E286C43C159EE71300B3B429 /* TinFile.m */ = {isa = PBXFileReference; fileEncoding = 4; lastKnownFileType = sourcecode.c.objc; path = TinFile.m; sourceTree = "<group>"; };
		E286C43D159EE71300B3B429 /* TinOAuthAccessTokenAuthenticator.h */ = {isa = PBXFileReference; fileEncoding = 4; lastKnownFileType = sourcecode.c.h; path = TinOAuthAccessTokenAuthenticator.h; sourceTree = "<group>"; };
		E286C43E159EE71300B3B429 /* TinOAuthAccessTokenAuthenticator.m */ = {isa = PBXFileReference; fileEncoding = 4; lastKnownFileType = sourcecode.c.objc; path = TinOAuthAccessTokenAuthenticator.m; sourceTree = "<group>"; };
		E286C43F159EE71300B3B429 /* TinOAuthAuthenticator.h */ = {isa = PBXFileReference; fileEncoding = 4; lastKnownFileType = sourcecode.c.h; path = TinOAuthAuthenticator.h; sourceTree = "<group>"; };
		E286C440159EE71300B3B429 /* TinOAuthAuthenticator.m */ = {isa = PBXFileReference; fileEncoding = 4; lastKnownFileType = sourcecode.c.objc; path = TinOAuthAuthenticator.m; sourceTree = "<group>"; };
		E286C441159EE71300B3B429 /* TinResponse.h */ = {isa = PBXFileReference; fileEncoding = 4; lastKnownFileType = sourcecode.c.h; path = TinResponse.h; sourceTree = "<group>"; };
		E286C442159EE71300B3B429 /* TinResponse.m */ = {isa = PBXFileReference; fileEncoding = 4; lastKnownFileType = sourcecode.c.objc; path = TinResponse.m; sourceTree = "<group>"; };
		E286C443159EE71300B3B429 /* Tin.h */ = {isa = PBXFileReference; fileEncoding = 4; lastKnownFileType = sourcecode.c.h; path = Tin.h; sourceTree = "<group>"; };
		E286C444159EE71300B3B429 /* Tin.m */ = {isa = PBXFileReference; fileEncoding = 4; lastKnownFileType = sourcecode.c.objc; path = Tin.m; sourceTree = "<group>"; };
		E28C617F15A1DC5000328B51 /* UITableViewCell+AutoDequeue.h */ = {isa = PBXFileReference; fileEncoding = 4; lastKnownFileType = sourcecode.c.h; path = "UITableViewCell+AutoDequeue.h"; sourceTree = "<group>"; };
		E28C618015A1DC5000328B51 /* UITableViewCell+AutoDequeue.m */ = {isa = PBXFileReference; fileEncoding = 4; lastKnownFileType = sourcecode.c.objc; path = "UITableViewCell+AutoDequeue.m"; sourceTree = "<group>"; };
		E28C618315A1EBD400328B51 /* PostBoxCell.h */ = {isa = PBXFileReference; fileEncoding = 4; lastKnownFileType = sourcecode.c.h; path = PostBoxCell.h; sourceTree = "<group>"; };
		E28C618415A1EBD400328B51 /* PostBoxCell.m */ = {isa = PBXFileReference; fileEncoding = 4; lastKnownFileType = sourcecode.c.objc; path = PostBoxCell.m; sourceTree = "<group>"; };
		E28C618615A1EEC500328B51 /* QuartzCore.framework */ = {isa = PBXFileReference; lastKnownFileType = wrapper.framework; name = QuartzCore.framework; path = System/Library/Frameworks/QuartzCore.framework; sourceTree = SDKROOT; };
		E297986F15A5BDF200E72EBE /* DetailViewController.h */ = {isa = PBXFileReference; fileEncoding = 4; lastKnownFileType = sourcecode.c.h; path = DetailViewController.h; sourceTree = "<group>"; };
		E297987015A5BDF200E72EBE /* DetailViewController.m */ = {isa = PBXFileReference; fileEncoding = 4; lastKnownFileType = sourcecode.c.objc; path = DetailViewController.m; sourceTree = "<group>"; };
		E297987115A5BDF200E72EBE /* DetailViewController.xib */ = {isa = PBXFileReference; fileEncoding = 4; lastKnownFileType = file.xib; path = DetailViewController.xib; sourceTree = "<group>"; };
		E2DCFD8F159D02F1001098E4 /* Boxlox.app */ = {isa = PBXFileReference; explicitFileType = wrapper.application; includeInIndex = 0; path = Boxlox.app; sourceTree = BUILT_PRODUCTS_DIR; };
		E2DCFD93159D02F1001098E4 /* UIKit.framework */ = {isa = PBXFileReference; lastKnownFileType = wrapper.framework; name = UIKit.framework; path = System/Library/Frameworks/UIKit.framework; sourceTree = SDKROOT; };
		E2DCFD95159D02F1001098E4 /* Foundation.framework */ = {isa = PBXFileReference; lastKnownFileType = wrapper.framework; name = Foundation.framework; path = System/Library/Frameworks/Foundation.framework; sourceTree = SDKROOT; };
		E2DCFD97159D02F1001098E4 /* CoreGraphics.framework */ = {isa = PBXFileReference; lastKnownFileType = wrapper.framework; name = CoreGraphics.framework; path = System/Library/Frameworks/CoreGraphics.framework; sourceTree = SDKROOT; };
		E2DCFD9B159D02F1001098E4 /* Boxlox-Info.plist */ = {isa = PBXFileReference; lastKnownFileType = text.plist.xml; path = "Boxlox-Info.plist"; sourceTree = "<group>"; };
		E2DCFD9D159D02F1001098E4 /* en */ = {isa = PBXFileReference; lastKnownFileType = text.plist.strings; name = en; path = en.lproj/InfoPlist.strings; sourceTree = "<group>"; };
		E2DCFD9F159D02F1001098E4 /* main.m */ = {isa = PBXFileReference; lastKnownFileType = sourcecode.c.objc; path = main.m; sourceTree = "<group>"; };
		E2DCFDA1159D02F1001098E4 /* Boxlox-Prefix.pch */ = {isa = PBXFileReference; lastKnownFileType = sourcecode.c.h; path = "Boxlox-Prefix.pch"; sourceTree = "<group>"; };
		E2DCFDA2159D02F1001098E4 /* AppDelegate.h */ = {isa = PBXFileReference; lastKnownFileType = sourcecode.c.h; path = AppDelegate.h; sourceTree = "<group>"; };
		E2DCFDA3159D02F1001098E4 /* AppDelegate.m */ = {isa = PBXFileReference; lastKnownFileType = sourcecode.c.objc; path = AppDelegate.m; sourceTree = "<group>"; };
		E2E6749915A3978B00F8654A /* Icon.png */ = {isa = PBXFileReference; lastKnownFileType = image.png; path = Icon.png; sourceTree = "<group>"; };
		E2E6749B15A3979100F8654A /* Icon@2x.png */ = {isa = PBXFileReference; lastKnownFileType = image.png; path = "Icon@2x.png"; sourceTree = "<group>"; };
		E2E6749D15A3979900F8654A /* Icon-72.png */ = {isa = PBXFileReference; lastKnownFileType = image.png; path = "Icon-72.png"; sourceTree = "<group>"; };
		E2E6749F15A3979B00F8654A /* Icon-72@2x.png */ = {isa = PBXFileReference; lastKnownFileType = image.png; path = "Icon-72@2x.png"; sourceTree = "<group>"; };
		E2E674A115A39A1300F8654A /* Default-Landscape@2x~ipad.png */ = {isa = PBXFileReference; lastKnownFileType = image.png; path = "Default-Landscape@2x~ipad.png"; sourceTree = "<group>"; };
		E2E674A315A39A1700F8654A /* Default-Landscape~ipad.png */ = {isa = PBXFileReference; lastKnownFileType = image.png; path = "Default-Landscape~ipad.png"; sourceTree = "<group>"; };
		E2E674A515A39C0E00F8654A /* Default.png */ = {isa = PBXFileReference; lastKnownFileType = image.png; path = Default.png; sourceTree = "<group>"; };
		E2E674A715A39C1000F8654A /* Default@2x.png */ = {isa = PBXFileReference; lastKnownFileType = image.png; path = "Default@2x.png"; sourceTree = "<group>"; };
		E2E674AB15A3A1CD00F8654A /* libz.dylib */ = {isa = PBXFileReference; lastKnownFileType = "compiled.mach-o.dylib"; name = libz.dylib; path = usr/lib/libz.dylib; sourceTree = SDKROOT; };
/* End PBXFileReference section */

/* Begin PBXFrameworksBuildPhase section */
		E2DCFD8C159D02F1001098E4 /* Frameworks */ = {
			isa = PBXFrameworksBuildPhase;
			buildActionMask = 2147483647;
			files = (
				E2E674AC15A3A1CD00F8654A /* libz.dylib in Frameworks */,
				E286C454159EE71300B3B429 /* libTestFlight.a in Frameworks */,
				E28C618715A1EEC500328B51 /* QuartzCore.framework in Frameworks */,
				E286C3FB159E040900B3B429 /* MapKit.framework in Frameworks */,
				E286C3F9159E033800B3B429 /* CoreLocation.framework in Frameworks */,
				E2DCFD94159D02F1001098E4 /* UIKit.framework in Frameworks */,
				E2DCFD96159D02F1001098E4 /* Foundation.framework in Frameworks */,
				E2DCFD98159D02F1001098E4 /* CoreGraphics.framework in Frameworks */,
			);
			runOnlyForDeploymentPostprocessing = 0;
		};
/* End PBXFrameworksBuildPhase section */

/* Begin PBXGroup section */
		E21EADBA15A0DD570011158E /* assets */ = {
			isa = PBXGroup;
			children = (
				E280646115A7944C008549C0 /* postbox-hilite-noshadow.png */,
				E280646215A7944C008549C0 /* postbox-hilite-noshadow@2x.png */,
				E280645815A78AEC008549C0 /* postbox-closed-noshadow.png */,
				E280645915A78AEC008549C0 /* postbox-open-noshadow.png */,
				E280645A15A78AEC008549C0 /* postbox-closed-noshadow@2x.png */,
				E280645B15A78AEC008549C0 /* postbox-open-noshadow@2x.png */,
				E2404BDE15A72B770019383E /* back-hi.png */,
				E2404BDF15A72B770019383E /* back-hi@2x.png */,
				E2404BDA15A6E7CD0019383E /* back.png */,
				E2404BDB15A6E7CD0019383E /* back@2x.png */,
				E2404BC115A6E3980019383E /* compass-hi.png */,
				E2404BC215A6E3980019383E /* compass-on-hi.png */,
				E2404BC315A6E3980019383E /* compass-on.png */,
				E2404BC415A6E3980019383E /* compass.png */,
				E2404BC515A6E3980019383E /* titlebg.png */,
				E2404BC615A6E3980019383E /* list-hi.png */,
				E2404BC715A6E3980019383E /* list.png */,
				E2404BC815A6E3980019383E /* listbackground.png */,
				E2404BC915A6E3980019383E /* maptoggle-hi.png */,
				E2404BCA15A6E3980019383E /* maptoggle.png */,
				E2404BCB15A6E3980019383E /* title.png */,
				E2404BCC15A6E3980019383E /* detail-button.png */,
				E239FAFC15A63D0B00C4C148 /* detail-button@2x.png */,
				E20F6D5F15A488B100F9FFAB /* maptoggle-hi@2x.png */,
				E20F6D6015A488B100F9FFAB /* maptoggle@2x.png */,
				E20F6D6115A488B100F9FFAB /* compass-hi@2x.png */,
				E20F6D6215A488B100F9FFAB /* compass-on-hi@2x.png */,
				E27B83D715A383F60028E1AC /* list-hi@2x.png */,
				E27B83D515A34FF40028E1AC /* listbackground@2x.png */,
				E27B83D315A3254F0028E1AC /* compass-on@2x.png */,
				E27B83D115A3222C0028E1AC /* compass@2x.png */,
				E27B83CF15A31F800028E1AC /* list@2x.png */,
				E27B83CC15A31A8B0028E1AC /* titlebg@2x.png */,
				E20084C915A0FDF500705840 /* title@2x.png */,
				E21EADBB15A0DD570011158E /* postbox-closed.png */,
				E21EADBC15A0DD570011158E /* postbox-closed@2x.png */,
				E21EADBD15A0DD570011158E /* postbox-open.png */,
				E21EADBE15A0DD570011158E /* postbox-open@2x.png */,
			);
			path = assets;
			sourceTree = "<group>";
		};
		E2254005159F102D00822F6F /* XMLReader */ = {
			isa = PBXGroup;
			children = (
				E2254006159F102D00822F6F /* XMLReader.h */,
				E2254007159F102D00822F6F /* XMLReader.m */,
			);
			path = XMLReader;
			sourceTree = "<group>";
		};
		E286C3D5159DFDB300B3B429 /* vendor */ = {
			isa = PBXGroup;
			children = (
				E2254005159F102D00822F6F /* XMLReader */,
				E286C40B159EE71200B3B429 /* AFNetworking */,
				E286C422159EE71300B3B429 /* coby */,
				E286C42E159EE71300B3B429 /* TestFlightSDK */,
				E286C431159EE71300B3B429 /* Tin */,
				E286C3FC159E0A9500B3B429 /* HUD */,
				E286C3DE159DFEC900B3B429 /* ViewDeck */,
			);
			path = vendor;
			sourceTree = "<group>";
		};
		E286C3DE159DFEC900B3B429 /* ViewDeck */ = {
			isa = PBXGroup;
			children = (
				E286C3DF159DFEC900B3B429 /* IIViewDeckController.h */,
				E286C3E0159DFEC900B3B429 /* IIViewDeckController.m */,
				E286C3E1159DFEC900B3B429 /* WrapController.h */,
				E286C3E2159DFEC900B3B429 /* WrapController.m */,
			);
			path = ViewDeck;
			sourceTree = "<group>";
		};
		E286C3FC159E0A9500B3B429 /* HUD */ = {
			isa = PBXGroup;
			children = (
				E286C3FD159E0A9600B3B429 /* MBProgressHUD.h */,
				E286C3FE159E0A9600B3B429 /* MBProgressHUD.m */,
			);
			path = HUD;
			sourceTree = "<group>";
		};
		E286C404159E4D2800B3B429 /* extensions */ = {
			isa = PBXGroup;
			children = (
				E28C617F15A1DC5000328B51 /* UITableViewCell+AutoDequeue.h */,
				E28C618015A1DC5000328B51 /* UITableViewCell+AutoDequeue.m */,
				E21EADCC15A0F72A0011158E /* NSDate+JSON.h */,
				E21EADCD15A0F72A0011158E /* NSDate+JSON.m */,
				E21EADC915A0F08E0011158E /* NSDate+Extensions.h */,
				E21EADCA15A0F08E0011158E /* NSDate+Extensions.m */,
				E21EADC615A0F03F0011158E /* NSDate+Formatting.h */,
				E21EADC715A0F03F0011158E /* NSDate+Formatting.m */,
				E286C405159E4D6C00B3B429 /* UIColor+Hex.h */,
				E286C406159E4D6C00B3B429 /* UIColor+Hex.m */,
			);
			path = extensions;
			sourceTree = "<group>";
		};
		E286C40B159EE71200B3B429 /* AFNetworking */ = {
			isa = PBXGroup;
			children = (
				E286C40C159EE71300B3B429 /* AFHTTPClient.h */,
				E286C40D159EE71300B3B429 /* AFHTTPClient.m */,
				E286C40E159EE71300B3B429 /* AFHTTPRequestOperation.h */,
				E286C40F159EE71300B3B429 /* AFHTTPRequestOperation.m */,
				E286C410159EE71300B3B429 /* AFImageCache.h */,
				E286C411159EE71300B3B429 /* AFImageCache.m */,
				E286C412159EE71300B3B429 /* AFImageRequestOperation.h */,
				E286C413159EE71300B3B429 /* AFImageRequestOperation.m */,
				E286C414159EE71300B3B429 /* AFJSONRequestOperation.h */,
				E286C415159EE71300B3B429 /* AFJSONRequestOperation.m */,
				E286C416159EE71300B3B429 /* AFJSONUtilities.h */,
				E286C417159EE71300B3B429 /* AFNetworkActivityIndicatorManager.h */,
				E286C418159EE71300B3B429 /* AFNetworkActivityIndicatorManager.m */,
				E286C419159EE71300B3B429 /* AFNetworking.h */,
				E286C41A159EE71300B3B429 /* AFPropertyListRequestOperation.h */,
				E286C41B159EE71300B3B429 /* AFPropertyListRequestOperation.m */,
				E286C41C159EE71300B3B429 /* AFURLConnectionOperation.h */,
				E286C41D159EE71300B3B429 /* AFURLConnectionOperation.m */,
				E286C41E159EE71300B3B429 /* AFXMLRequestOperation.h */,
				E286C41F159EE71300B3B429 /* AFXMLRequestOperation.m */,
				E286C420159EE71300B3B429 /* UIImageView+AFNetworking.h */,
				E286C421159EE71300B3B429 /* UIImageView+AFNetworking.m */,
			);
			path = AFNetworking;
			sourceTree = "<group>";
		};
		E286C422159EE71300B3B429 /* coby */ = {
			isa = PBXGroup;
			children = (
				E286C423159EE71300B3B429 /* Coby.h */,
				E286C424159EE71300B3B429 /* NSArray+Coby.h */,
				E286C425159EE71300B3B429 /* NSArray+Coby.m */,
				E286C426159EE71300B3B429 /* NSDate+Coby.h */,
				E286C427159EE71300B3B429 /* NSDate+Coby.m */,
				E286C428159EE71300B3B429 /* NSDictionary+Coby.h */,
				E286C429159EE71300B3B429 /* NSDictionary+Coby.m */,
				E286C42A159EE71300B3B429 /* NSObject+Coby.h */,
				E286C42B159EE71300B3B429 /* NSObject+Coby.m */,
				E286C42C159EE71300B3B429 /* NSString+Coby.h */,
				E286C42D159EE71300B3B429 /* NSString+Coby.m */,
			);
			path = coby;
			sourceTree = "<group>";
		};
		E286C42E159EE71300B3B429 /* TestFlightSDK */ = {
			isa = PBXGroup;
			children = (
				E286C42F159EE71300B3B429 /* libTestFlight.a */,
				E286C430159EE71300B3B429 /* TestFlight.h */,
			);
			path = TestFlightSDK;
			sourceTree = "<group>";
		};
		E286C431159EE71300B3B429 /* Tin */ = {
			isa = PBXGroup;
			children = (
				E286C432159EE71300B3B429 /* Tin */,
				E286C443159EE71300B3B429 /* Tin.h */,
				E286C444159EE71300B3B429 /* Tin.m */,
			);
			path = Tin;
			sourceTree = "<group>";
		};
		E286C432159EE71300B3B429 /* Tin */ = {
			isa = PBXGroup;
			children = (
				E286C433159EE71300B3B429 /* Tin+BasicAuthentication.h */,
				E286C434159EE71300B3B429 /* Tin+BasicAuthentication.m */,
				E286C435159EE71300B3B429 /* Tin+Extensions.h */,
				E286C436159EE71300B3B429 /* Tin+Extensions.m */,
				E286C437159EE71300B3B429 /* Tin+OAuth.h */,
				E286C438159EE71300B3B429 /* Tin+OAuth.m */,
				E286C439159EE71300B3B429 /* TinBasicAuthenticator.h */,
				E286C43A159EE71300B3B429 /* TinBasicAuthenticator.m */,
				E286C43B159EE71300B3B429 /* TinFile.h */,
				E286C43C159EE71300B3B429 /* TinFile.m */,
				E286C43D159EE71300B3B429 /* TinOAuthAccessTokenAuthenticator.h */,
				E286C43E159EE71300B3B429 /* TinOAuthAccessTokenAuthenticator.m */,
				E286C43F159EE71300B3B429 /* TinOAuthAuthenticator.h */,
				E286C440159EE71300B3B429 /* TinOAuthAuthenticator.m */,
				E286C441159EE71300B3B429 /* TinResponse.h */,
				E286C442159EE71300B3B429 /* TinResponse.m */,
			);
			path = Tin;
			sourceTree = "<group>";
		};
		E2DCFD84159D02F1001098E4 = {
			isa = PBXGroup;
			children = (
				E20F6D5C15A46ADA00F9FFAB /* RK_gpx+_2012-01-30_1055PM.gpx */,
				E2E674AB15A3A1CD00F8654A /* libz.dylib */,
				E2E674A715A39C1000F8654A /* Default@2x.png */,
				E2E674A515A39C0E00F8654A /* Default.png */,
				E2E674A315A39A1700F8654A /* Default-Landscape~ipad.png */,
				E2E674A115A39A1300F8654A /* Default-Landscape@2x~ipad.png */,
				E2E6749F15A3979B00F8654A /* Icon-72@2x.png */,
				E2E6749D15A3979900F8654A /* Icon-72.png */,
				E2E6749B15A3979100F8654A /* Icon@2x.png */,
				E2E6749915A3978B00F8654A /* Icon.png */,
				E2DCFD99159D02F1001098E4 /* Boxlox */,
				E2DCFD92159D02F1001098E4 /* Frameworks */,
				E2DCFD90159D02F1001098E4 /* Products */,
			);
			sourceTree = "<group>";
		};
		E2DCFD90159D02F1001098E4 /* Products */ = {
			isa = PBXGroup;
			children = (
				E2DCFD8F159D02F1001098E4 /* Boxlox.app */,
			);
			name = Products;
			sourceTree = "<group>";
		};
		E2DCFD92159D02F1001098E4 /* Frameworks */ = {
			isa = PBXGroup;
			children = (
				E28C618615A1EEC500328B51 /* QuartzCore.framework */,
				E286C3FA159E040900B3B429 /* MapKit.framework */,
				E286C3F8159E033800B3B429 /* CoreLocation.framework */,
				E2DCFD93159D02F1001098E4 /* UIKit.framework */,
				E2DCFD95159D02F1001098E4 /* Foundation.framework */,
				E2DCFD97159D02F1001098E4 /* CoreGraphics.framework */,
			);
			name = Frameworks;
			sourceTree = "<group>";
		};
		E2DCFD99159D02F1001098E4 /* Boxlox */ = {
			isa = PBXGroup;
			children = (
				E21EADBA15A0DD570011158E /* assets */,
				E286C404159E4D2800B3B429 /* extensions */,
				E286C3D5159DFDB300B3B429 /* vendor */,
				E2DCFDA2159D02F1001098E4 /* AppDelegate.h */,
				E2DCFDA3159D02F1001098E4 /* AppDelegate.m */,
				E2DCFD9A159D02F1001098E4 /* Supporting Files */,
				E286C3E5159DFEFC00B3B429 /* MapViewController.h */,
				E286C3E6159DFEFC00B3B429 /* MapViewController.m */,
				E286C3E7159DFEFC00B3B429 /* MapViewController.xib */,
				E286C3ED159DFF2A00B3B429 /* ListViewController.h */,
				E286C3EE159DFF2A00B3B429 /* ListViewController.m */,
				E286C3EF159DFF2A00B3B429 /* ListViewController.xib */,
				E297986F15A5BDF200E72EBE /* DetailViewController.h */,
				E297987015A5BDF200E72EBE /* DetailViewController.m */,
				E297987115A5BDF200E72EBE /* DetailViewController.xib */,
				E286C3F3159E005100B3B429 /* PadViewController.h */,
				E286C3F4159E005100B3B429 /* PadViewController.m */,
				E286C3F5159E005100B3B429 /* PadViewController.xib */,
				E286C401159E0ED900B3B429 /* BoxLocator.h */,
				E286C402159E0ED900B3B429 /* BoxLocator.m */,
				E23C5F6B159F193E0061C5BF /* PostBox.h */,
				E23C5F6C159F193E0061C5BF /* PostBox.m */,
				E23C5F6F159F1B740061C5BF /* PostBoxAnnotation.h */,
				E23C5F70159F1B740061C5BF /* PostBoxAnnotation.m */,
				E21EADC315A0E37F0011158E /* PostBoxAnnotationView.h */,
				E21EADC415A0E37F0011158E /* PostBoxAnnotationView.m */,
				E20084D015A1D4CE00705840 /* BoxMapDelegate.h */,
				E28C618315A1EBD400328B51 /* PostBoxCell.h */,
				E28C618415A1EBD400328B51 /* PostBoxCell.m */,
				E239FAEF15A6307500C4C148 /* ClearanceCell.h */,
				E239FAF015A6307500C4C148 /* ClearanceCell.m */,
				E239FAF915A635CB00C4C148 /* ButtonCell.h */,
				E239FAFA15A635CB00C4C148 /* ButtonCell.m */,
			);
			path = Boxlox;
			sourceTree = "<group>";
		};
		E2DCFD9A159D02F1001098E4 /* Supporting Files */ = {
			isa = PBXGroup;
			children = (
				E286C3F2159DFF5F00B3B429 /* CommonMacros.h */,
				E2DCFD9B159D02F1001098E4 /* Boxlox-Info.plist */,
				E2DCFD9C159D02F1001098E4 /* InfoPlist.strings */,
				E2DCFD9F159D02F1001098E4 /* main.m */,
				E2DCFDA1159D02F1001098E4 /* Boxlox-Prefix.pch */,
			);
			name = "Supporting Files";
			sourceTree = "<group>";
		};
/* End PBXGroup section */

/* Begin PBXNativeTarget section */
		E2DCFD8E159D02F1001098E4 /* Boxlox */ = {
			isa = PBXNativeTarget;
			buildConfigurationList = E2DCFDA7159D02F1001098E4 /* Build configuration list for PBXNativeTarget "Boxlox" */;
			buildPhases = (
				E2DCFD8B159D02F1001098E4 /* Sources */,
				E2DCFD8C159D02F1001098E4 /* Frameworks */,
				E2DCFD8D159D02F1001098E4 /* Resources */,
			);
			buildRules = (
			);
			dependencies = (
			);
			name = Boxlox;
			productName = Boxlox;
			productReference = E2DCFD8F159D02F1001098E4 /* Boxlox.app */;
			productType = "com.apple.product-type.application";
		};
/* End PBXNativeTarget section */

/* Begin PBXProject section */
		E2DCFD86159D02F1001098E4 /* Project object */ = {
			isa = PBXProject;
			attributes = {
				LastUpgradeCheck = 0450;
				ORGANIZATIONNAME = "Tom Adriaenssen";
			};
			buildConfigurationList = E2DCFD89159D02F1001098E4 /* Build configuration list for PBXProject "Boxlox" */;
			compatibilityVersion = "Xcode 3.2";
			developmentRegion = English;
			hasScannedForEncodings = 0;
			knownRegions = (
				en,
			);
			mainGroup = E2DCFD84159D02F1001098E4;
			productRefGroup = E2DCFD90159D02F1001098E4 /* Products */;
			projectDirPath = "";
			projectRoot = "";
			targets = (
				E2DCFD8E159D02F1001098E4 /* Boxlox */,
			);
		};
/* End PBXProject section */

/* Begin PBXResourcesBuildPhase section */
		E2DCFD8D159D02F1001098E4 /* Resources */ = {
			isa = PBXResourcesBuildPhase;
			buildActionMask = 2147483647;
			files = (
				E2DCFD9E159D02F1001098E4 /* InfoPlist.strings in Resources */,
				E286C3E9159DFEFC00B3B429 /* MapViewController.xib in Resources */,
				E286C3F1159DFF2A00B3B429 /* ListViewController.xib in Resources */,
				E286C3F7159E005100B3B429 /* PadViewController.xib in Resources */,
				E21EADBF15A0DD570011158E /* postbox-closed.png in Resources */,
				E21EADC015A0DD570011158E /* postbox-closed@2x.png in Resources */,
				E21EADC115A0DD570011158E /* postbox-open.png in Resources */,
				E21EADC215A0DD570011158E /* postbox-open@2x.png in Resources */,
				E20084CA15A0FDF500705840 /* title@2x.png in Resources */,
				E27B83CD15A31A8B0028E1AC /* titlebg@2x.png in Resources */,
				E27B83D015A31F800028E1AC /* list@2x.png in Resources */,
				E27B83D215A3222C0028E1AC /* compass@2x.png in Resources */,
				E27B83D415A3254F0028E1AC /* compass-on@2x.png in Resources */,
				E27B83D615A34FF40028E1AC /* listbackground@2x.png in Resources */,
				E27B83D815A383F60028E1AC /* list-hi@2x.png in Resources */,
				E2E6749A15A3978B00F8654A /* Icon.png in Resources */,
				E2E6749C15A3979100F8654A /* Icon@2x.png in Resources */,
				E2E6749E15A3979900F8654A /* Icon-72.png in Resources */,
				E2E674A015A3979B00F8654A /* Icon-72@2x.png in Resources */,
				E2E674A215A39A1300F8654A /* Default-Landscape@2x~ipad.png in Resources */,
				E2E674A415A39A1700F8654A /* Default-Landscape~ipad.png in Resources */,
				E2E674A615A39C0E00F8654A /* Default.png in Resources */,
				E2E674A815A39C1000F8654A /* Default@2x.png in Resources */,
				E20F6D6315A488B100F9FFAB /* maptoggle-hi@2x.png in Resources */,
				E20F6D6415A488B100F9FFAB /* maptoggle@2x.png in Resources */,
				E20F6D6515A488B100F9FFAB /* compass-hi@2x.png in Resources */,
				E20F6D6615A488B100F9FFAB /* compass-on-hi@2x.png in Resources */,
				E297987315A5BDF200E72EBE /* DetailViewController.xib in Resources */,
				E239FAFD15A63D0C00C4C148 /* detail-button@2x.png in Resources */,
				E2404BCD15A6E3980019383E /* compass-hi.png in Resources */,
				E2404BCE15A6E3980019383E /* compass-on-hi.png in Resources */,
				E2404BCF15A6E3980019383E /* compass-on.png in Resources */,
				E2404BD015A6E3980019383E /* compass.png in Resources */,
				E2404BD115A6E3980019383E /* titlebg.png in Resources */,
				E2404BD215A6E3980019383E /* list-hi.png in Resources */,
				E2404BD315A6E3980019383E /* list.png in Resources */,
				E2404BD415A6E3980019383E /* listbackground.png in Resources */,
				E2404BD515A6E3980019383E /* maptoggle-hi.png in Resources */,
				E2404BD615A6E3980019383E /* maptoggle.png in Resources */,
				E2404BD715A6E3980019383E /* title.png in Resources */,
				E2404BD815A6E3980019383E /* detail-button.png in Resources */,
				E2404BDC15A6E7CD0019383E /* back.png in Resources */,
				E2404BDD15A6E7CD0019383E /* back@2x.png in Resources */,
				E2404BE015A72B770019383E /* back-hi.png in Resources */,
				E2404BE115A72B770019383E /* back-hi@2x.png in Resources */,
				E280645C15A78AEC008549C0 /* postbox-closed-noshadow.png in Resources */,
				E280645D15A78AEC008549C0 /* postbox-open-noshadow.png in Resources */,
				E280645E15A78AEC008549C0 /* postbox-closed-noshadow@2x.png in Resources */,
				E280645F15A78AEC008549C0 /* postbox-open-noshadow@2x.png in Resources */,
				E280646315A7944C008549C0 /* postbox-hilite-noshadow.png in Resources */,
				E280646415A7944C008549C0 /* postbox-hilite-noshadow@2x.png in Resources */,
			);
			runOnlyForDeploymentPostprocessing = 0;
		};
/* End PBXResourcesBuildPhase section */

/* Begin PBXSourcesBuildPhase section */
		E2DCFD8B159D02F1001098E4 /* Sources */ = {
			isa = PBXSourcesBuildPhase;
			buildActionMask = 2147483647;
			files = (
				E2DCFDA0159D02F1001098E4 /* main.m in Sources */,
				E2DCFDA4159D02F1001098E4 /* AppDelegate.m in Sources */,
				E286C3E3159DFEC900B3B429 /* IIViewDeckController.m in Sources */,
				E286C3E4159DFEC900B3B429 /* WrapController.m in Sources */,
				E286C3E8159DFEFC00B3B429 /* MapViewController.m in Sources */,
				E286C3F0159DFF2A00B3B429 /* ListViewController.m in Sources */,
				E286C3F6159E005100B3B429 /* PadViewController.m in Sources */,
				E286C3FF159E0A9600B3B429 /* MBProgressHUD.m in Sources */,
				E286C403159E0ED900B3B429 /* BoxLocator.m in Sources */,
				E286C407159E4D6C00B3B429 /* UIColor+Hex.m in Sources */,
				E286C445159EE71300B3B429 /* AFHTTPClient.m in Sources */,
				E286C446159EE71300B3B429 /* AFHTTPRequestOperation.m in Sources */,
				E286C447159EE71300B3B429 /* AFImageCache.m in Sources */,
				E286C448159EE71300B3B429 /* AFImageRequestOperation.m in Sources */,
				E286C449159EE71300B3B429 /* AFJSONRequestOperation.m in Sources */,
				E286C44A159EE71300B3B429 /* AFNetworkActivityIndicatorManager.m in Sources */,
				E286C44B159EE71300B3B429 /* AFPropertyListRequestOperation.m in Sources */,
				E286C44C159EE71300B3B429 /* AFURLConnectionOperation.m in Sources */,
				E286C44D159EE71300B3B429 /* AFXMLRequestOperation.m in Sources */,
				E286C44E159EE71300B3B429 /* UIImageView+AFNetworking.m in Sources */,
				E286C44F159EE71300B3B429 /* NSArray+Coby.m in Sources */,
				E286C450159EE71300B3B429 /* NSDate+Coby.m in Sources */,
				E286C451159EE71300B3B429 /* NSDictionary+Coby.m in Sources */,
				E286C452159EE71300B3B429 /* NSObject+Coby.m in Sources */,
				E286C453159EE71300B3B429 /* NSString+Coby.m in Sources */,
				E286C455159EE71300B3B429 /* Tin+BasicAuthentication.m in Sources */,
				E286C456159EE71300B3B429 /* Tin+Extensions.m in Sources */,
				E286C457159EE71300B3B429 /* Tin+OAuth.m in Sources */,
				E286C458159EE71300B3B429 /* TinBasicAuthenticator.m in Sources */,
				E286C459159EE71300B3B429 /* TinFile.m in Sources */,
				E286C45A159EE71300B3B429 /* TinOAuthAccessTokenAuthenticator.m in Sources */,
				E286C45B159EE71300B3B429 /* TinOAuthAuthenticator.m in Sources */,
				E286C45C159EE71300B3B429 /* TinResponse.m in Sources */,
				E286C45D159EE71300B3B429 /* Tin.m in Sources */,
				E2254008159F102D00822F6F /* XMLReader.m in Sources */,
				E23C5F6D159F193E0061C5BF /* PostBox.m in Sources */,
				E23C5F71159F1B740061C5BF /* PostBoxAnnotation.m in Sources */,
				E21EADC515A0E3800011158E /* PostBoxAnnotationView.m in Sources */,
				E21EADC815A0F03F0011158E /* NSDate+Formatting.m in Sources */,
				E21EADCB15A0F08E0011158E /* NSDate+Extensions.m in Sources */,
				E21EADCE15A0F72A0011158E /* NSDate+JSON.m in Sources */,
				E28C618115A1DC5000328B51 /* UITableViewCell+AutoDequeue.m in Sources */,
				E28C618515A1EBD400328B51 /* PostBoxCell.m in Sources */,
				E297987215A5BDF200E72EBE /* DetailViewController.m in Sources */,
				E239FAF115A6307500C4C148 /* ClearanceCell.m in Sources */,
				E239FAFB15A635CB00C4C148 /* ButtonCell.m in Sources */,
			);
			runOnlyForDeploymentPostprocessing = 0;
		};
/* End PBXSourcesBuildPhase section */

/* Begin PBXVariantGroup section */
		E2DCFD9C159D02F1001098E4 /* InfoPlist.strings */ = {
			isa = PBXVariantGroup;
			children = (
				E2DCFD9D159D02F1001098E4 /* en */,
			);
			name = InfoPlist.strings;
			sourceTree = "<group>";
		};
/* End PBXVariantGroup section */

/* Begin XCBuildConfiguration section */
		E2DCFDA5159D02F1001098E4 /* Debug */ = {
			isa = XCBuildConfiguration;
			buildSettings = {
				ALWAYS_SEARCH_USER_PATHS = NO;
				CLANG_CXX_LANGUAGE_STANDARD = "gnu++0x";
				CLANG_ENABLE_OBJC_ARC = YES;
				CLANG_WARN__DUPLICATE_METHOD_MATCH = YES;
				"CODE_SIGN_IDENTITY[sdk=iphoneos*]" = "iPhone Developer";
				COPY_PHASE_STRIP = NO;
				GCC_C_LANGUAGE_STANDARD = gnu99;
				GCC_DYNAMIC_NO_PIC = NO;
				GCC_OPTIMIZATION_LEVEL = 0;
				GCC_PREPROCESSOR_DEFINITIONS = (
					"DEBUG=1",
					"$(inherited)",
				);
				GCC_SYMBOLS_PRIVATE_EXTERN = NO;
				GCC_WARN_ABOUT_RETURN_TYPE = YES;
				GCC_WARN_UNINITIALIZED_AUTOS = YES;
				GCC_WARN_UNUSED_VARIABLE = YES;
				IPHONEOS_DEPLOYMENT_TARGET = 6.0;
				SDKROOT = iphoneos;
				TARGETED_DEVICE_FAMILY = "1,2";
			};
			name = Debug;
		};
		E2DCFDA6159D02F1001098E4 /* Release */ = {
			isa = XCBuildConfiguration;
			buildSettings = {
				ALWAYS_SEARCH_USER_PATHS = NO;
				CLANG_CXX_LANGUAGE_STANDARD = "gnu++0x";
				CLANG_ENABLE_OBJC_ARC = YES;
				CLANG_WARN__DUPLICATE_METHOD_MATCH = YES;
				"CODE_SIGN_IDENTITY[sdk=iphoneos*]" = "iPhone Developer";
				COPY_PHASE_STRIP = YES;
				GCC_C_LANGUAGE_STANDARD = gnu99;
				GCC_WARN_ABOUT_RETURN_TYPE = YES;
				GCC_WARN_UNINITIALIZED_AUTOS = YES;
				GCC_WARN_UNUSED_VARIABLE = YES;
				IPHONEOS_DEPLOYMENT_TARGET = 6.0;
				OTHER_CFLAGS = "-DNS_BLOCK_ASSERTIONS=1";
				SDKROOT = iphoneos;
				TARGETED_DEVICE_FAMILY = "1,2";
				VALIDATE_PRODUCT = YES;
			};
			name = Release;
		};
		E2DCFDA8159D02F1001098E4 /* Debug */ = {
			isa = XCBuildConfiguration;
			buildSettings = {
				GCC_PRECOMPILE_PREFIX_HEADER = YES;
				GCC_PREFIX_HEADER = "Boxlox/Boxlox-Prefix.pch";
				INFOPLIST_FILE = "Boxlox/Boxlox-Info.plist";
				IPHONEOS_DEPLOYMENT_TARGET = 5.0;
				LIBRARY_SEARCH_PATHS = (
					"$(inherited)",
					"\"$(SRCROOT)/Boxlox/vendor/TestFlightSDK\"",
				);
				PRODUCT_NAME = "$(TARGET_NAME)";
				WRAPPER_EXTENSION = app;
			};
			name = Debug;
		};
		E2DCFDA9159D02F1001098E4 /* Release */ = {
			isa = XCBuildConfiguration;
			buildSettings = {
				GCC_PRECOMPILE_PREFIX_HEADER = YES;
				GCC_PREFIX_HEADER = "Boxlox/Boxlox-Prefix.pch";
				INFOPLIST_FILE = "Boxlox/Boxlox-Info.plist";
				IPHONEOS_DEPLOYMENT_TARGET = 5.0;
				LIBRARY_SEARCH_PATHS = (
					"$(inherited)",
					"\"$(SRCROOT)/Boxlox/vendor/TestFlightSDK\"",
				);
				PRODUCT_NAME = "$(TARGET_NAME)";
				WRAPPER_EXTENSION = app;
			};
			name = Release;
		};
		E2E674A915A3A08200F8654A /* Adhoc */ = {
			isa = XCBuildConfiguration;
			buildSettings = {
				ALWAYS_SEARCH_USER_PATHS = NO;
				CLANG_CXX_LANGUAGE_STANDARD = "gnu++0x";
				CLANG_ENABLE_OBJC_ARC = YES;
				CLANG_WARN__DUPLICATE_METHOD_MATCH = YES;
				"CODE_SIGN_IDENTITY[sdk=iphoneos*]" = "iPhone Developer";
				COPY_PHASE_STRIP = YES;
				GCC_C_LANGUAGE_STANDARD = gnu99;
				GCC_WARN_ABOUT_RETURN_TYPE = YES;
				GCC_WARN_UNINITIALIZED_AUTOS = YES;
				GCC_WARN_UNUSED_VARIABLE = YES;
				IPHONEOS_DEPLOYMENT_TARGET = 6.0;
				OTHER_CFLAGS = "-DNS_BLOCK_ASSERTIONS=1";
				SDKROOT = iphoneos;
				TARGETED_DEVICE_FAMILY = "1,2";
				VALIDATE_PRODUCT = YES;
			};
			name = Adhoc;
		};
		E2E674AA15A3A08200F8654A /* Adhoc */ = {
			isa = XCBuildConfiguration;
			buildSettings = {
				"CODE_SIGN_IDENTITY[sdk=iphoneos*]" = "iPhone Distribution";
				GCC_PRECOMPILE_PREFIX_HEADER = YES;
				GCC_PREFIX_HEADER = "Boxlox/Boxlox-Prefix.pch";
				INFOPLIST_FILE = "Boxlox/Boxlox-Info.plist";
				IPHONEOS_DEPLOYMENT_TARGET = 5.0;
				LIBRARY_SEARCH_PATHS = (
					"$(inherited)",
					"\"$(SRCROOT)/Boxlox/vendor/TestFlightSDK\"",
				);
				PRODUCT_NAME = "$(TARGET_NAME)";
				"PROVISIONING_PROFILE[sdk=iphoneos*]" = "";
				WRAPPER_EXTENSION = app;
			};
			name = Adhoc;
		};
/* End XCBuildConfiguration section */

/* Begin XCConfigurationList section */
		E2DCFD89159D02F1001098E4 /* Build configuration list for PBXProject "Boxlox" */ = {
			isa = XCConfigurationList;
			buildConfigurations = (
				E2DCFDA5159D02F1001098E4 /* Debug */,
				E2DCFDA6159D02F1001098E4 /* Release */,
				E2E674A915A3A08200F8654A /* Adhoc */,
			);
			defaultConfigurationIsVisible = 0;
			defaultConfigurationName = Release;
		};
		E2DCFDA7159D02F1001098E4 /* Build configuration list for PBXNativeTarget "Boxlox" */ = {
			isa = XCConfigurationList;
			buildConfigurations = (
				E2DCFDA8159D02F1001098E4 /* Debug */,
				E2DCFDA9159D02F1001098E4 /* Release */,
				E2E674AA15A3A08200F8654A /* Adhoc */,
			);
			defaultConfigurationIsVisible = 0;
			defaultConfigurationName = Release;
		};
/* End XCConfigurationList section */
	};
	rootObject = E2DCFD86159D02F1001098E4 /* Project object */;
}
